
Microsoft Visual Studio Solution File, Format Version 12.00
# Visual Studio 15
VisualStudioVersion = 15.0.27004.2009
MinimumVisualStudioVersion = 10.0.40219.1
Project("{FAE04EC0-301F-11D3-BF4B-00C04F79EFBC}") = "Scraper.Web", "Scraper.Web\Scraper.Web.csproj", "{0E433A24-955E-41D3-A188-BCFFE623DFD9}"
EndProject
Project("{FAE04EC0-301F-11D3-BF4B-00C04F79EFBC}") = "Scraper.Models", "Scraper.Models\Scraper.Models.csproj", "{41A741F5-AD80-400F-9D04-847FC8718ED0}"
EndProject
Project("{FAE04EC0-301F-11D3-BF4B-00C04F79EFBC}") = "Scraper.DataAccess", "Scraper.DataAccess\Scraper.DataAccess.csproj", "{F44D7DBB-9C2D-422A-A0A8-AB24B8C28C70}"
EndProject
Project("{FAE04EC0-301F-11D3-BF4B-00C04F79EFBC}") = "Scraper.Services", "Scraper.Services\Scraper.Services.csproj", "{48C8BB21-FF14-4317-9ACB-9E95CDAB0868}"
EndProject
Project("{2150E333-8FDC-42A3-9474-1A3956D46DE8}") = "Tests", "Tests", "{84722DC2-CE44-4071-96AD-E08096AA4C4D}"
EndProject
Project("{FAE04EC0-301F-11D3-BF4B-00C04F79EFBC}") = "Scraper.LoadTester", "Scraper.Tester\Scraper.LoadTester.csproj", "{7FD8C1F8-F17B-4CAC-B1D6-E839DAC78369}"
EndProject
Project("{FAE04EC0-301F-11D3-BF4B-00C04F79EFBC}") = "Scraper.Tests", "Scraper.Tests\Scraper.Tests.csproj", "{0044B259-6032-41FA-9A2C-61F7E8300FCD}"
EndProject
Global
	GlobalSection(SolutionConfigurationPlatforms) = preSolution
		Debug|Any CPU = Debug|Any CPU
		Release|Any CPU = Release|Any CPU
	EndGlobalSection
	GlobalSection(ProjectConfigurationPlatforms) = postSolution
		{0E433A24-955E-41D3-A188-BCFFE623DFD9}.Debug|Any CPU.ActiveCfg = Debug|Any CPU
		{0E433A24-955E-41D3-A188-BCFFE623DFD9}.Debug|Any CPU.Build.0 = Debug|Any CPU
		{0E433A24-955E-41D3-A188-BCFFE623DFD9}.Release|Any CPU.ActiveCfg = Release|Any CPU
		{0E433A24-955E-41D3-A188-BCFFE623DFD9}.Release|Any CPU.Build.0 = Release|Any CPU
		{41A741F5-AD80-400F-9D04-847FC8718ED0}.Debug|Any CPU.ActiveCfg = Debug|Any CPU
		{41A741F5-AD80-400F-9D04-847FC8718ED0}.Debug|Any CPU.Build.0 = Debug|Any CPU
		{41A741F5-AD80-400F-9D04-847FC8718ED0}.Release|Any CPU.ActiveCfg = Release|Any CPU
		{41A741F5-AD80-400F-9D04-847FC8718ED0}.Release|Any CPU.Build.0 = Release|Any CPU
		{F44D7DBB-9C2D-422A-A0A8-AB24B8C28C70}.Debug|Any CPU.ActiveCfg = Debug|Any CPU
		{F44D7DBB-9C2D-422A-A0A8-AB24B8C28C70}.Debug|Any CPU.Build.0 = Debug|Any CPU
		{F44D7DBB-9C2D-422A-A0A8-AB24B8C28C70}.Release|Any CPU.ActiveCfg = Release|Any CPU
		{F44D7DBB-9C2D-422A-A0A8-AB24B8C28C70}.Release|Any CPU.Build.0 = Release|Any CPU
		{48C8BB21-FF14-4317-9ACB-9E95CDAB0868}.Debug|Any CPU.ActiveCfg = Debug|Any CPU
		{48C8BB21-FF14-4317-9ACB-9E95CDAB0868}.Debug|Any CPU.Build.0 = Debug|Any CPU
		{48C8BB21-FF14-4317-9ACB-9E95CDAB0868}.Release|Any CPU.ActiveCfg = Release|Any CPU
		{48C8BB21-FF14-4317-9ACB-9E95CDAB0868}.Release|Any CPU.Build.0 = Release|Any CPU
		{7FD8C1F8-F17B-4CAC-B1D6-E839DAC78369}.Debug|Any CPU.ActiveCfg = Debug|Any CPU
		{7FD8C1F8-F17B-4CAC-B1D6-E839DAC78369}.Debug|Any CPU.Build.0 = Debug|Any CPU
		{7FD8C1F8-F17B-4CAC-B1D6-E839DAC78369}.Release|Any CPU.ActiveCfg = Release|Any CPU
		{7FD8C1F8-F17B-4CAC-B1D6-E839DAC78369}.Release|Any CPU.Build.0 = Release|Any CPU
		{0044B259-6032-41FA-9A2C-61F7E8300FCD}.Debug|Any CPU.ActiveCfg = Debug|Any CPU
		{0044B259-6032-41FA-9A2C-61F7E8300FCD}.Debug|Any CPU.Build.0 = Debug|Any CPU
		{0044B259-6032-41FA-9A2C-61F7E8300FCD}.Release|Any CPU.ActiveCfg = Release|Any CPU
		{0044B259-6032-41FA-9A2C-61F7E8300FCD}.Release|Any CPU.Build.0 = Release|Any CPU
	EndGlobalSection
	GlobalSection(SolutionProperties) = preSolution
		HideSolutionNode = FALSE
	EndGlobalSection
	GlobalSection(NestedProjects) = preSolution
		{7FD8C1F8-F17B-4CAC-B1D6-E839DAC78369} = {84722DC2-CE44-4071-96AD-E08096AA4C4D}
		{0044B259-6032-41FA-9A2C-61F7E8300FCD} = {84722DC2-CE44-4071-96AD-E08096AA4C4D}
	EndGlobalSection
	GlobalSection(ExtensibilityGlobals) = postSolution
		SolutionGuid = {750D0923-7613-43D3-A0C0-2D3E8BE67F1F}
	EndGlobalSection
EndGlobal
